
Microsoft Visual Studio Solution File, Format Version 12.00
# Visual Studio 15
VisualStudioVersion = 15.0.26124.0
MinimumVisualStudioVersion = 15.0.26124.0
Project("{2150E333-8FDC-42A3-9474-1A3956D46DE8}") = "Code", "Code", "{805F32EC-F82D-4D82-9C21-8DBEADF4CEE1}"
EndProject
Project("{FAE04EC0-301F-11D3-BF4B-00C04F79EFBC}") = "DotnetMysqlMraTest.Api", "Code\DotnetMysqlMraTest.Api\DotnetMysqlMraTest.Api.csproj", "{E36C0CA6-2486-4C60-A595-01CB88AC3A2B}"
EndProject
Project("{FAE04EC0-301F-11D3-BF4B-00C04F79EFBC}") = "DotnetMysqlMraTest.Business", "Code\DotnetMysqlMraTest.Business\DotnetMysqlMraTest.Business.csproj", "{CE2EA0AD-382B-41D8-8236-747797AEF940}"
EndProject
Project("{FAE04EC0-301F-11D3-BF4B-00C04F79EFBC}") = "DotnetMysqlMraTest.Data", "Code\DotnetMysqlMraTest.Data\DotnetMysqlMraTest.Data.csproj", "{501DB8F6-4F9E-4E59-9B06-A0983EE1D30B}"
EndProject
Project("{FAE04EC0-301F-11D3-BF4B-00C04F79EFBC}") = "DotnetMysqlMraTest.Entities", "Code\DotnetMysqlMraTest.Entities\DotnetMysqlMraTest.Entities.csproj", "{4E2C7179-AAF5-4049-8384-F1D064F17119}"
EndProject
Project("{FAE04EC0-301F-11D3-BF4B-00C04F79EFBC}") = "DotnetMysqlMraTest.Test.Api", "Code\DotnetMysqlMraTest.Test.Api\DotnetMysqlMraTest.Test.Api.csproj", "{11655F12-F4F4-41B5-96F2-1E4E54B128C7}"
EndProject
Project("{FAE04EC0-301F-11D3-BF4B-00C04F79EFBC}") = "DotnetMysqlMraTest.Test.Business", "Code\DotnetMysqlMraTest.Test.Business\DotnetMysqlMraTest.Test.Business.csproj", "{D346B6A7-3E77-4682-953B-B8B71C5ABC82}"
EndProject
Project("{FAE04EC0-301F-11D3-BF4B-00C04F79EFBC}") = "DotnetMysqlMraTest.Test.Framework", "Code\DotnetMysqlMraTest.Test.Framework\DotnetMysqlMraTest.Test.Framework.csproj", "{07F2C56B-2F81-4395-96E2-F56897CB5460}"
EndProject
Project("{2150E333-8FDC-42A3-9474-1A3956D46DE8}") = "Test", "Test", "{1E16457A-7DF1-41E6-87E6-45F494663828}"
EndProject
Global
	GlobalSection(SolutionConfigurationPlatforms) = preSolution
		Debug|Any CPU = Debug|Any CPU
		Debug|x64 = Debug|x64
		Debug|x86 = Debug|x86
		Release|Any CPU = Release|Any CPU
		Release|x64 = Release|x64
		Release|x86 = Release|x86
	EndGlobalSection
	GlobalSection(SolutionProperties) = preSolution
		HideSolutionNode = FALSE
	EndGlobalSection
	GlobalSection(ProjectConfigurationPlatforms) = postSolution
		{E36C0CA6-2486-4C60-A595-01CB88AC3A2B}.Debug|Any CPU.ActiveCfg = Debug|Any CPU
		{E36C0CA6-2486-4C60-A595-01CB88AC3A2B}.Debug|Any CPU.Build.0 = Debug|Any CPU
		{E36C0CA6-2486-4C60-A595-01CB88AC3A2B}.Debug|x64.ActiveCfg = Debug|Any CPU
		{E36C0CA6-2486-4C60-A595-01CB88AC3A2B}.Debug|x64.Build.0 = Debug|Any CPU
		{E36C0CA6-2486-4C60-A595-01CB88AC3A2B}.Debug|x86.ActiveCfg = Debug|Any CPU
		{E36C0CA6-2486-4C60-A595-01CB88AC3A2B}.Debug|x86.Build.0 = Debug|Any CPU
		{E36C0CA6-2486-4C60-A595-01CB88AC3A2B}.Release|Any CPU.ActiveCfg = Release|Any CPU
		{E36C0CA6-2486-4C60-A595-01CB88AC3A2B}.Release|Any CPU.Build.0 = Release|Any CPU
		{E36C0CA6-2486-4C60-A595-01CB88AC3A2B}.Release|x64.ActiveCfg = Release|Any CPU
		{E36C0CA6-2486-4C60-A595-01CB88AC3A2B}.Release|x64.Build.0 = Release|Any CPU
		{E36C0CA6-2486-4C60-A595-01CB88AC3A2B}.Release|x86.ActiveCfg = Release|Any CPU
		{E36C0CA6-2486-4C60-A595-01CB88AC3A2B}.Release|x86.Build.0 = Release|Any CPU
		{CE2EA0AD-382B-41D8-8236-747797AEF940}.Debug|Any CPU.ActiveCfg = Debug|Any CPU
		{CE2EA0AD-382B-41D8-8236-747797AEF940}.Debug|Any CPU.Build.0 = Debug|Any CPU
		{CE2EA0AD-382B-41D8-8236-747797AEF940}.Debug|x64.ActiveCfg = Debug|Any CPU
		{CE2EA0AD-382B-41D8-8236-747797AEF940}.Debug|x64.Build.0 = Debug|Any CPU
		{CE2EA0AD-382B-41D8-8236-747797AEF940}.Debug|x86.ActiveCfg = Debug|Any CPU
		{CE2EA0AD-382B-41D8-8236-747797AEF940}.Debug|x86.Build.0 = Debug|Any CPU
		{CE2EA0AD-382B-41D8-8236-747797AEF940}.Release|Any CPU.ActiveCfg = Release|Any CPU
		{CE2EA0AD-382B-41D8-8236-747797AEF940}.Release|Any CPU.Build.0 = Release|Any CPU
		{CE2EA0AD-382B-41D8-8236-747797AEF940}.Release|x64.ActiveCfg = Release|Any CPU
		{CE2EA0AD-382B-41D8-8236-747797AEF940}.Release|x64.Build.0 = Release|Any CPU
		{CE2EA0AD-382B-41D8-8236-747797AEF940}.Release|x86.ActiveCfg = Release|Any CPU
		{CE2EA0AD-382B-41D8-8236-747797AEF940}.Release|x86.Build.0 = Release|Any CPU
		{501DB8F6-4F9E-4E59-9B06-A0983EE1D30B}.Debug|Any CPU.ActiveCfg = Debug|Any CPU
		{501DB8F6-4F9E-4E59-9B06-A0983EE1D30B}.Debug|Any CPU.Build.0 = Debug|Any CPU
		{501DB8F6-4F9E-4E59-9B06-A0983EE1D30B}.Debug|x64.ActiveCfg = Debug|Any CPU
		{501DB8F6-4F9E-4E59-9B06-A0983EE1D30B}.Debug|x64.Build.0 = Debug|Any CPU
		{501DB8F6-4F9E-4E59-9B06-A0983EE1D30B}.Debug|x86.ActiveCfg = Debug|Any CPU
		{501DB8F6-4F9E-4E59-9B06-A0983EE1D30B}.Debug|x86.Build.0 = Debug|Any CPU
		{501DB8F6-4F9E-4E59-9B06-A0983EE1D30B}.Release|Any CPU.ActiveCfg = Release|Any CPU
		{501DB8F6-4F9E-4E59-9B06-A0983EE1D30B}.Release|Any CPU.Build.0 = Release|Any CPU
		{501DB8F6-4F9E-4E59-9B06-A0983EE1D30B}.Release|x64.ActiveCfg = Release|Any CPU
		{501DB8F6-4F9E-4E59-9B06-A0983EE1D30B}.Release|x64.Build.0 = Release|Any CPU
		{501DB8F6-4F9E-4E59-9B06-A0983EE1D30B}.Release|x86.ActiveCfg = Release|Any CPU
		{501DB8F6-4F9E-4E59-9B06-A0983EE1D30B}.Release|x86.Build.0 = Release|Any CPU
		{4E2C7179-AAF5-4049-8384-F1D064F17119}.Debug|Any CPU.ActiveCfg = Debug|Any CPU
		{4E2C7179-AAF5-4049-8384-F1D064F17119}.Debug|Any CPU.Build.0 = Debug|Any CPU
		{4E2C7179-AAF5-4049-8384-F1D064F17119}.Debug|x64.ActiveCfg = Debug|Any CPU
		{4E2C7179-AAF5-4049-8384-F1D064F17119}.Debug|x64.Build.0 = Debug|Any CPU
		{4E2C7179-AAF5-4049-8384-F1D064F17119}.Debug|x86.ActiveCfg = Debug|Any CPU
		{4E2C7179-AAF5-4049-8384-F1D064F17119}.Debug|x86.Build.0 = Debug|Any CPU
		{4E2C7179-AAF5-4049-8384-F1D064F17119}.Release|Any CPU.ActiveCfg = Release|Any CPU
		{4E2C7179-AAF5-4049-8384-F1D064F17119}.Release|Any CPU.Build.0 = Release|Any CPU
		{4E2C7179-AAF5-4049-8384-F1D064F17119}.Release|x64.ActiveCfg = Release|Any CPU
		{4E2C7179-AAF5-4049-8384-F1D064F17119}.Release|x64.Build.0 = Release|Any CPU
		{4E2C7179-AAF5-4049-8384-F1D064F17119}.Release|x86.ActiveCfg = Release|Any CPU
		{4E2C7179-AAF5-4049-8384-F1D064F17119}.Release|x86.Build.0 = Release|Any CPU
		{11655F12-F4F4-41B5-96F2-1E4E54B128C7}.Debug|Any CPU.ActiveCfg = Debug|Any CPU
		{11655F12-F4F4-41B5-96F2-1E4E54B128C7}.Debug|Any CPU.Build.0 = Debug|Any CPU
		{11655F12-F4F4-41B5-96F2-1E4E54B128C7}.Debug|x64.ActiveCfg = Debug|Any CPU
		{11655F12-F4F4-41B5-96F2-1E4E54B128C7}.Debug|x64.Build.0 = Debug|Any CPU
		{11655F12-F4F4-41B5-96F2-1E4E54B128C7}.Debug|x86.ActiveCfg = Debug|Any CPU
		{11655F12-F4F4-41B5-96F2-1E4E54B128C7}.Debug|x86.Build.0 = Debug|Any CPU
		{11655F12-F4F4-41B5-96F2-1E4E54B128C7}.Release|Any CPU.ActiveCfg = Release|Any CPU
		{11655F12-F4F4-41B5-96F2-1E4E54B128C7}.Release|Any CPU.Build.0 = Release|Any CPU
		{11655F12-F4F4-41B5-96F2-1E4E54B128C7}.Release|x64.ActiveCfg = Release|Any CPU
		{11655F12-F4F4-41B5-96F2-1E4E54B128C7}.Release|x64.Build.0 = Release|Any CPU
		{11655F12-F4F4-41B5-96F2-1E4E54B128C7}.Release|x86.ActiveCfg = Release|Any CPU
		{11655F12-F4F4-41B5-96F2-1E4E54B128C7}.Release|x86.Build.0 = Release|Any CPU
		{D346B6A7-3E77-4682-953B-B8B71C5ABC82}.Debug|Any CPU.ActiveCfg = Debug|Any CPU
		{D346B6A7-3E77-4682-953B-B8B71C5ABC82}.Debug|Any CPU.Build.0 = Debug|Any CPU
		{D346B6A7-3E77-4682-953B-B8B71C5ABC82}.Debug|x64.ActiveCfg = Debug|Any CPU
		{D346B6A7-3E77-4682-953B-B8B71C5ABC82}.Debug|x64.Build.0 = Debug|Any CPU
		{D346B6A7-3E77-4682-953B-B8B71C5ABC82}.Debug|x86.ActiveCfg = Debug|Any CPU
		{D346B6A7-3E77-4682-953B-B8B71C5ABC82}.Debug|x86.Build.0 = Debug|Any CPU
		{D346B6A7-3E77-4682-953B-B8B71C5ABC82}.Release|Any CPU.ActiveCfg = Release|Any CPU
		{D346B6A7-3E77-4682-953B-B8B71C5ABC82}.Release|Any CPU.Build.0 = Release|Any CPU
		{D346B6A7-3E77-4682-953B-B8B71C5ABC82}.Release|x64.ActiveCfg = Release|Any CPU
		{D346B6A7-3E77-4682-953B-B8B71C5ABC82}.Release|x64.Build.0 = Release|Any CPU
		{D346B6A7-3E77-4682-953B-B8B71C5ABC82}.Release|x86.ActiveCfg = Release|Any CPU
		{D346B6A7-3E77-4682-953B-B8B71C5ABC82}.Release|x86.Build.0 = Release|Any CPU
		{07F2C56B-2F81-4395-96E2-F56897CB5460}.Debug|Any CPU.ActiveCfg = Debug|Any CPU
		{07F2C56B-2F81-4395-96E2-F56897CB5460}.Debug|Any CPU.Build.0 = Debug|Any CPU
		{07F2C56B-2F81-4395-96E2-F56897CB5460}.Debug|x64.ActiveCfg = Debug|Any CPU
		{07F2C56B-2F81-4395-96E2-F56897CB5460}.Debug|x64.Build.0 = Debug|Any CPU
		{07F2C56B-2F81-4395-96E2-F56897CB5460}.Debug|x86.ActiveCfg = Debug|Any CPU
		{07F2C56B-2F81-4395-96E2-F56897CB5460}.Debug|x86.Build.0 = Debug|Any CPU
		{07F2C56B-2F81-4395-96E2-F56897CB5460}.Release|Any CPU.ActiveCfg = Release|Any CPU
		{07F2C56B-2F81-4395-96E2-F56897CB5460}.Release|Any CPU.Build.0 = Release|Any CPU
		{07F2C56B-2F81-4395-96E2-F56897CB5460}.Release|x64.ActiveCfg = Release|Any CPU
		{07F2C56B-2F81-4395-96E2-F56897CB5460}.Release|x64.Build.0 = Release|Any CPU
		{07F2C56B-2F81-4395-96E2-F56897CB5460}.Release|x86.ActiveCfg = Release|Any CPU
		{07F2C56B-2F81-4395-96E2-F56897CB5460}.Release|x86.Build.0 = Release|Any CPU
	EndGlobalSection
	GlobalSection(NestedProjects) = preSolution
		{E36C0CA6-2486-4C60-A595-01CB88AC3A2B} = {805F32EC-F82D-4D82-9C21-8DBEADF4CEE1}
		{CE2EA0AD-382B-41D8-8236-747797AEF940} = {805F32EC-F82D-4D82-9C21-8DBEADF4CEE1}
		{501DB8F6-4F9E-4E59-9B06-A0983EE1D30B} = {805F32EC-F82D-4D82-9C21-8DBEADF4CEE1}
		{4E2C7179-AAF5-4049-8384-F1D064F17119} = {805F32EC-F82D-4D82-9C21-8DBEADF4CEE1}
		{11655F12-F4F4-41B5-96F2-1E4E54B128C7} = {1E16457A-7DF1-41E6-87E6-45F494663828}
		{D346B6A7-3E77-4682-953B-B8B71C5ABC82} = {1E16457A-7DF1-41E6-87E6-45F494663828}
		{07F2C56B-2F81-4395-96E2-F56897CB5460} = {1E16457A-7DF1-41E6-87E6-45F494663828}
	EndGlobalSection
EndGlobal
